# THIS IS AN AUTOGENERATED FILE. DO NOT EDIT THIS FILE DIRECTLY.
# yarn lockfile v1


bootstrap@^5.3.8:
  version "5.3.8"
  resolved "https://registry.yarnpkg.com/bootstrap/-/bootstrap-5.3.8.tgz#6401a10057a22752d21f4e19055508980656aeed"
  integrity sha512-HP1SZDqaLDPwsNiqRqi5NcP0SSXciX2s9E+RyqJIIqGo+vJeN5AJVM98CXmW/Wux0nQ5L7jeWUdplCEf0Ee+tg==

desandro-matches-selector@^2.0.0:
  version "2.0.2"
  resolved "https://registry.yarnpkg.com/desandro-matches-selector/-/desandro-matches-selector-2.0.2.tgz#717beed4dc13e7d8f3762f707a6d58a6774218e1"
  integrity sha1-cXvu1NwT59jzdi9wem1YpndCGOE=

ev-emitter@^1.0.0:
  version "1.1.1"
  resolved "https://registry.yarnpkg.com/ev-emitter/-/ev-emitter-1.1.1.tgz#8f18b0ce5c76a5d18017f71c0a795c65b9138f2a"
  integrity sha512-ipiDYhdQSCZ4hSbX4rMW+XzNKMD1prg/sTvoVmSLkuQ1MVlwjJQQA+sW8tMYR3BLUr9KjodFV4pvzunvRhd33Q==

ev-emitter@^2.1.2:
  version "2.1.2"
  resolved "https://registry.yarnpkg.com/ev-emitter/-/ev-emitter-2.1.2.tgz#91737a2deae9fa95453e7e86cfae976f8c3ced38"
  integrity sha512-jQ5Ql18hdCQ4qS+RCrbLfz1n+Pags27q5TwMKvZyhp5hh2UULUYZUy1keqj6k6SYsdqIYjnmz7xyyEY0V67B8Q==

fizzy-ui-utils@^2.0.0:
  version "2.0.7"
  resolved "https://registry.yarnpkg.com/fizzy-ui-utils/-/fizzy-ui-utils-2.0.7.tgz#7df45dcc4eb374a08b65d39bb9a4beedf7330505"
  integrity sha512-CZXDVXQ1If3/r8s0T+v+qVeMshhfcuq0rqIFgJnrtd+Bu8GmDmqMjntjUePypVtjHXKJ6V4sw9zeyox34n9aCg==
  dependencies:
    desandro-matches-selector "^2.0.0"

get-size@^2.0.2:
  version "2.0.3"
  resolved "https://registry.yarnpkg.com/get-size/-/get-size-2.0.3.tgz#54a1d0256b20ea7ac646516756202769941ad2ef"
  integrity sha512-lXNzT/h/dTjTxRbm9BXb+SGxxzkm97h/PCIKtlN/CBCxxmkkIVV21udumMS93MuVTDX583gqc94v3RjuHmI+2Q==

imagesloaded@^5.0.0:
  version "5.0.0"
  resolved "https://registry.yarnpkg.com/imagesloaded/-/imagesloaded-5.0.0.tgz#e614e5de482769dd7d571ca62d947d0d00183847"
  integrity sha512-/0JGSubc1MTCoDKVmonLHgbifBWHdyLkun+R/151E1c5n79hiSxcd7cB7mPXFgojYu8xnRZv7GYxzKoxW8BetQ==
  dependencies:
    ev-emitter "^2.1.2"

jquery-pjax@^2.0.1:
  version "2.0.1"
  resolved "https://registry.yarnpkg.com/jquery-pjax/-/jquery-pjax-2.0.1.tgz#6b3a1ba16e644e624bdcfe72eb6b3d96a846f5f2"
  integrity sha1-azoboW5kTmJL3P5y62s9lqhG9fI=

jquery-ui-dist@^1.13.3:
  version "1.13.3"
  resolved "https://registry.yarnpkg.com/jquery-ui-dist/-/jquery-ui-dist-1.13.3.tgz#13c186eb403e660c96b9b7edb7ae1466eaef9974"
  integrity sha512-qeTR3SOSQ0jgxaNXSFU6+JtxdzNUSJKgp8LCzVrVKntM25+2YBJW1Ea8B2AwjmmSHfPLy2dSlZxJQN06OfVFhg==
  dependencies:
    jquery ">=1.8.0 <4.0.0"

jquery@>=1.7.0, jquery@^4.0.0:
  version "4.0.0"
  resolved "https://registry.yarnpkg.com/jquery/-/jquery-4.0.0.tgz#95c33ac29005ff72ec444c5ba1cf457e61404fbb"
  integrity sha512-TXCHVR3Lb6TZdtw1l3RTLf8RBWVGexdxL6AC8/e0xZKEpBflBsjh9/8LXw+dkNFuOyW9B7iB3O1sP7hS0Kiacg==

"jquery@>=1.8.0 <4.0.0":
  version "3.7.1"
  resolved "https://registry.yarnpkg.com/jquery/-/jquery-3.7.1.tgz#083ef98927c9a6a74d05a6af02806566d16274de"
  integrity sha512-m4avr8yL8kmFN8psrbFFFmB/If14iN5o9nw/NgnnM+kybDJpRsAynV2BsfpTYrTRysYUdADVD7CkUUizgkpLfg==

lg-fullscreen@^1.2.1:
  version "1.2.1"
  resolved "https://registry.yarnpkg.com/lg-fullscreen/-/lg-fullscreen-1.2.1.tgz#9402aae62ce22148e13bee2fb177f2195dbbfbd6"
  integrity sha512-mntHGBHEKWfbz/ZiFkWQhBgxzm8ZtWUcgI83GOv9uxmtGi5G9mhTxplkHODHNt9+Ss+IHYZJav/UTjcGPIcSVw==
  dependencies:
    jquery ">=1.7.0"

lightgallery@^2.9.0:
  version "2.9.0"
  resolved "https://registry.yarnpkg.com/lightgallery/-/lightgallery-2.9.0.tgz#b3b6e15169eb9b840f70e14d67b9ec0a213cc612"
  integrity sha512-58Ud1DyhD2ao58t+kPEqSZrjFxg23tGd5ZKr75erm7q31g5xhUtWUJH3sTUkhHzlyJAKHj5eTrJ37HQRXG4Wbg==

masonry-layout@^4.2.2:
  version "4.2.2"
  resolved "https://registry.yarnpkg.com/masonry-layout/-/masonry-layout-4.2.2.tgz#d57b44af13e601bfcdc423f1dd8348b5524de348"
  integrity sha512-iGtAlrpHNyxaR19CvKC3npnEcAwszXoyJiI8ARV2ePi7fmYhIud25MHK8Zx4P0LCC4d3TNO9+rFa1KoK1OEOaA==
  dependencies:
    get-size "^2.0.2"
    outlayer "^2.1.0"

outlayer@^2.1.0:
  version "2.1.1"
  resolved "https://registry.yarnpkg.com/outlayer/-/outlayer-2.1.1.tgz#29863b6de10ea5dadfffcadfa0d728907387e9a2"
  integrity sha1-KYY7beEOpdrf/8rfoNcokHOH6aI=
  dependencies:
    ev-emitter "^1.0.0"
    fizzy-ui-utils "^2.0.0"
    get-size "^2.0.2"

spin@^0.0.1:
  version "0.0.1"
  resolved "https://registry.yarnpkg.com/spin/-/spin-0.0.1.tgz#246b756469c63b1f62f912f925b7eb2490e38cc6"
  integrity sha1-JGt1ZGnGOx9i+RL5JbfrJJDjjMY=
