# THIS IS AN AUTOGENERATED FILE. DO NOT EDIT THIS FILE DIRECTLY.
# yarn lockfile v1


jquery-ui@^1.12.1:
  version "1.12.1"
  resolved "https://registry.yarnpkg.com/jquery-ui/-/jquery-ui-1.12.1.tgz#bcb4045c8dd0539c134bc1488cdd3e768a7a9e51"
  integrity sha1-vLQEXI3QU5wTS8FIjN0+dop6nlE=

jquery@>=1.7.0, jquery@^3.5.1:
  version "3.5.1"
  resolved "https://registry.yarnpkg.com/jquery/-/jquery-3.5.1.tgz#d7b4d08e1bfdb86ad2f1a3d039ea17304717abb5"
  integrity sha512-XwIBPqcMn57FxfT+Go5pzySnm4KWkT1Tv7gjrpT1srtf8Weynl6R273VJ5GjkRb51IzMp5nbaPjJXMWeju2MKg==

lightgallery@^1.7.3:
  version "1.7.3"
  resolved "https://registry.yarnpkg.com/lightgallery/-/lightgallery-1.7.3.tgz#26a465395bcaf5a70e98d11e9b9d843c5300e736"
  integrity sha512-sOIixDH1Y2zDfa4CmZqIQjfPbGTF/FGqhwNgSJL8MMA8Wmp/AIvLeF/grFyHNpRU587uBM6ArUK5zRmxZUgI8w==
  dependencies:
    jquery ">=1.7.0"
